
Microsoft Visual Studio Solution File, Format Version 12.00
# Visual Studio Version 16
VisualStudioVersion = 16.0.31702.278
MinimumVisualStudioVersion = 10.0.40219.1
Project("{FAE04EC0-301F-11D3-BF4B-00C04F79EFBC}") = "sis301_Pescadería", "sis301_Pescadería\sis301_Pescadería.csproj", "{956B2E66-929D-4449-AAE0-1B73E9D87DD5}"
EndProject
Global
	GlobalSection(SolutionConfigurationPlatforms) = preSolution
		Debug|Any CPU = Debug|Any CPU
		Release|Any CPU = Release|Any CPU
	EndGlobalSection
	GlobalSection(ProjectConfigurationPlatforms) = postSolution
		{956B2E66-929D-4449-AAE0-1B73E9D87DD5}.Debug|Any CPU.ActiveCfg = Debug|Any CPU
		{956B2E66-929D-4449-AAE0-1B73E9D87DD5}.Debug|Any CPU.Build.0 = Debug|Any CPU
		{956B2E66-929D-4449-AAE0-1B73E9D87DD5}.Release|Any CPU.ActiveCfg = Release|Any CPU
		{956B2E66-929D-4449-AAE0-1B73E9D87DD5}.Release|Any CPU.Build.0 = Release|Any CPU
	EndGlobalSection
	GlobalSection(SolutionProperties) = preSolution
		HideSolutionNode = FALSE
	EndGlobalSection
	GlobalSection(ExtensibilityGlobals) = postSolution
		SolutionGuid = {E5241927-5F78-49A2-AC90-BD66794568A8}
	EndGlobalSection
EndGlobal
